
Microsoft Visual Studio Solution File, Format Version 12.00
# 
VisualStudioVersion = 17.5.002.0
MinimumVisualStudioVersion = 
Project("{FAE04EC0-301F-11D3-BF4B-00C04F79EFBC}") = "NetWorkBasic", "NetWorkBasic\NetWorkBasic.csproj", "{8BA52977-59DF-4646-8377-34F7429A21D7}"
EndProject
Project("{FAE04EC0-301F-11D3-BF4B-00C04F79EFBC}") = "RXNet", "RXNet\RXNet.csproj", "{0DC2B853-D9BA-4FE0-B31A-4222F2607908}"
EndProject
Global
	GlobalSection(SolutionConfigurationPlatforms) = preSolution
		Debug|Any CPU = Debug|Any CPU
		Release|Any CPU = Release|Any CPU
	EndGlobalSection
	GlobalSection(ProjectConfigurationPlatforms) = postSolution
		{8BA52977-59DF-4646-8377-34F7429A21D7}.Debug|Any CPU.ActiveCfg = Debug|Any CPU
		{8BA52977-59DF-4646-8377-34F7429A21D7}.Debug|Any CPU.Build.0 = Debug|Any CPU
		{8BA52977-59DF-4646-8377-34F7429A21D7}.Release|Any CPU.ActiveCfg = Release|Any CPU
		{8BA52977-59DF-4646-8377-34F7429A21D7}.Release|Any CPU.Build.0 = Release|Any CPU
		{0DC2B853-D9BA-4FE0-B31A-4222F2607908}.Debug|Any CPU.ActiveCfg = Debug|Any CPU
		{0DC2B853-D9BA-4FE0-B31A-4222F2607908}.Debug|Any CPU.Build.0 = Debug|Any CPU
		{0DC2B853-D9BA-4FE0-B31A-4222F2607908}.Release|Any CPU.ActiveCfg = Release|Any CPU
		{0DC2B853-D9BA-4FE0-B31A-4222F2607908}.Release|Any CPU.Build.0 = Release|Any CPU
	EndGlobalSection
	GlobalSection(SolutionProperties) = preSolution
		HideSolutionNode = FALSE
	EndGlobalSection
EndGlobal
